// !$*UTF8*$!
{
	archiveVersion = 1;
	classes = {
	};
	objectVersion = 46;
	objects = {

/* Begin PBXBuildFile section */
		082C315B1A93523E00308207 /* CardGameViewController.m in Sources */ = {isa = PBXBuildFile; fileRef = 082C315A1A93523E00308207 /* CardGameViewController.m */; };
		082C315F1A93528800308207 /* CardView.m in Sources */ = {isa = PBXBuildFile; fileRef = 082C315E1A93528800308207 /* CardView.m */; };
		082C31621A9352D200308207 /* CardObject.m in Sources */ = {isa = PBXBuildFile; fileRef = 082C31611A9352D200308207 /* CardObject.m */; };
		082C31651A93630200308207 /* Card.m in Sources */ = {isa = PBXBuildFile; fileRef = 082C31641A93630200308207 /* Card.m */; };
		082C316A1A949A2E00308207 /* LuckCardGameViewController.m in Sources */ = {isa = PBXBuildFile; fileRef = 082C31691A949A2E00308207 /* LuckCardGameViewController.m */; };
		082C316E1A986B3600308207 /* LeftSlideMenuViewController.m in Sources */ = {isa = PBXBuildFile; fileRef = 082C316D1A986B3600308207 /* LeftSlideMenuViewController.m */; };
		082C31711A9CDEA500308207 /* MenuViewController.m in Sources */ = {isa = PBXBuildFile; fileRef = 082C31701A9CDEA500308207 /* MenuViewController.m */; };
		082C31741A9CE84300308207 /* Content01ViewController.m in Sources */ = {isa = PBXBuildFile; fileRef = 082C31731A9CE84300308207 /* Content01ViewController.m */; };
		082C31781A9CE88C00308207 /* Content02ViewController.m in Sources */ = {isa = PBXBuildFile; fileRef = 082C31771A9CE88C00308207 /* Content02ViewController.m */; };
		086DF8271A826632007BF2F0 /* main.m in Sources */ = {isa = PBXBuildFile; fileRef = 086DF8261A826632007BF2F0 /* main.m */; };
		086DF82A1A826632007BF2F0 /* AppDelegate.m in Sources */ = {isa = PBXBuildFile; fileRef = 086DF8291A826632007BF2F0 /* AppDelegate.m */; };
		086DF82D1A826632007BF2F0 /* WMFirstApp.xcdatamodeld in Sources */ = {isa = PBXBuildFile; fileRef = 086DF82B1A826632007BF2F0 /* WMFirstApp.xcdatamodeld */; };
		086DF8301A826632007BF2F0 /* ViewController.m in Sources */ = {isa = PBXBuildFile; fileRef = 086DF82F1A826632007BF2F0 /* ViewController.m */; };
		086DF8331A826632007BF2F0 /* Main.storyboard in Resources */ = {isa = PBXBuildFile; fileRef = 086DF8311A826632007BF2F0 /* Main.storyboard */; };
		086DF8351A826632007BF2F0 /* Images.xcassets in Resources */ = {isa = PBXBuildFile; fileRef = 086DF8341A826632007BF2F0 /* Images.xcassets */; };
		086DF8381A826632007BF2F0 /* LaunchScreen.xib in Resources */ = {isa = PBXBuildFile; fileRef = 086DF8361A826632007BF2F0 /* LaunchScreen.xib */; };
		086DF8441A826632007BF2F0 /* WMFirstAppTests.m in Sources */ = {isa = PBXBuildFile; fileRef = 086DF8431A826632007BF2F0 /* WMFirstAppTests.m */; };
		086DF84F1A82669E007BF2F0 /* Localizable.strings in Resources */ = {isa = PBXBuildFile; fileRef = 086DF8511A82669E007BF2F0 /* Localizable.strings */; };
/* End PBXBuildFile section */

/* Begin PBXContainerItemProxy section */
		086DF83E1A826632007BF2F0 /* PBXContainerItemProxy */ = {
			isa = PBXContainerItemProxy;
			containerPortal = 086DF8191A826632007BF2F0 /* Project object */;
			proxyType = 1;
			remoteGlobalIDString = 086DF8201A826632007BF2F0;
			remoteInfo = WMFirstApp;
		};
/* End PBXContainerItemProxy section */

/* Begin PBXFileReference section */
		082C31591A93523E00308207 /* CardGameViewController.h */ = {isa = PBXFileReference; fileEncoding = 4; lastKnownFileType = sourcecode.c.h; path = CardGameViewController.h; sourceTree = "<group>"; };
		082C315A1A93523E00308207 /* CardGameViewController.m */ = {isa = PBXFileReference; fileEncoding = 4; lastKnownFileType = sourcecode.c.objc; path = CardGameViewController.m; sourceTree = "<group>"; };
		082C315D1A93528800308207 /* CardView.h */ = {isa = PBXFileReference; fileEncoding = 4; lastKnownFileType = sourcecode.c.h; path = CardView.h; sourceTree = "<group>"; };
		082C315E1A93528800308207 /* CardView.m */ = {isa = PBXFileReference; fileEncoding = 4; lastKnownFileType = sourcecode.c.objc; path = CardView.m; sourceTree = "<group>"; };
		082C31601A9352D200308207 /* CardObject.h */ = {isa = PBXFileReference; fileEncoding = 4; lastKnownFileType = sourcecode.c.h; path = CardObject.h; sourceTree = "<group>"; };
		082C31611A9352D200308207 /* CardObject.m */ = {isa = PBXFileReference; fileEncoding = 4; lastKnownFileType = sourcecode.c.objc; path = CardObject.m; sourceTree = "<group>"; };
		082C31631A93630200308207 /* Card.h */ = {isa = PBXFileReference; fileEncoding = 4; lastKnownFileType = sourcecode.c.h; path = Card.h; sourceTree = "<group>"; };
		082C31641A93630200308207 /* Card.m */ = {isa = PBXFileReference; fileEncoding = 4; lastKnownFileType = sourcecode.c.objc; path = Card.m; sourceTree = "<group>"; };
		082C31681A949A2E00308207 /* LuckCardGameViewController.h */ = {isa = PBXFileReference; fileEncoding = 4; lastKnownFileType = sourcecode.c.h; path = LuckCardGameViewController.h; sourceTree = "<group>"; };
		082C31691A949A2E00308207 /* LuckCardGameViewController.m */ = {isa = PBXFileReference; fileEncoding = 4; lastKnownFileType = sourcecode.c.objc; path = LuckCardGameViewController.m; sourceTree = "<group>"; };
		082C316C1A986B3600308207 /* LeftSlideMenuViewController.h */ = {isa = PBXFileReference; fileEncoding = 4; lastKnownFileType = sourcecode.c.h; path = LeftSlideMenuViewController.h; sourceTree = "<group>"; };
		082C316D1A986B3600308207 /* LeftSlideMenuViewController.m */ = {isa = PBXFileReference; fileEncoding = 4; lastKnownFileType = sourcecode.c.objc; path = LeftSlideMenuViewController.m; sourceTree = "<group>"; };
		082C316F1A9CDEA500308207 /* MenuViewController.h */ = {isa = PBXFileReference; fileEncoding = 4; lastKnownFileType = sourcecode.c.h; path = MenuViewController.h; sourceTree = "<group>"; };
		082C31701A9CDEA500308207 /* MenuViewController.m */ = {isa = PBXFileReference; fileEncoding = 4; lastKnownFileType = sourcecode.c.objc; path = MenuViewController.m; sourceTree = "<group>"; };
		082C31721A9CE84300308207 /* Content01ViewController.h */ = {isa = PBXFileReference; fileEncoding = 4; lastKnownFileType = sourcecode.c.h; path = Content01ViewController.h; sourceTree = "<group>"; };
		082C31731A9CE84300308207 /* Content01ViewController.m */ = {isa = PBXFileReference; fileEncoding = 4; lastKnownFileType = sourcecode.c.objc; path = Content01ViewController.m; sourceTree = "<group>"; };
		082C31761A9CE88C00308207 /* Content02ViewController.h */ = {isa = PBXFileReference; fileEncoding = 4; lastKnownFileType = sourcecode.c.h; path = Content02ViewController.h; sourceTree = "<group>"; };
		082C31771A9CE88C00308207 /* Content02ViewController.m */ = {isa = PBXFileReference; fileEncoding = 4; lastKnownFileType = sourcecode.c.objc; path = Content02ViewController.m; sourceTree = "<group>"; };
		086DF8211A826632007BF2F0 /* WMFirstApp.app */ = {isa = PBXFileReference; explicitFileType = wrapper.application; includeInIndex = 0; path = WMFirstApp.app; sourceTree = BUILT_PRODUCTS_DIR; };
		086DF8251A826632007BF2F0 /* Info.plist */ = {isa = PBXFileReference; lastKnownFileType = text.plist.xml; path = Info.plist; sourceTree = "<group>"; };
		086DF8261A826632007BF2F0 /* main.m */ = {isa = PBXFileReference; lastKnownFileType = sourcecode.c.objc; path = main.m; sourceTree = "<group>"; };
		086DF8281A826632007BF2F0 /* AppDelegate.h */ = {isa = PBXFileReference; lastKnownFileType = sourcecode.c.h; path = AppDelegate.h; sourceTree = "<group>"; };
		086DF8291A826632007BF2F0 /* AppDelegate.m */ = {isa = PBXFileReference; lastKnownFileType = sourcecode.c.objc; path = AppDelegate.m; sourceTree = "<group>"; };
		086DF82C1A826632007BF2F0 /* WMFirstApp.xcdatamodel */ = {isa = PBXFileReference; lastKnownFileType = wrapper.xcdatamodel; path = WMFirstApp.xcdatamodel; sourceTree = "<group>"; };
		086DF82E1A826632007BF2F0 /* ViewController.h */ = {isa = PBXFileReference; lastKnownFileType = sourcecode.c.h; path = ViewController.h; sourceTree = "<group>"; };
		086DF82F1A826632007BF2F0 /* ViewController.m */ = {isa = PBXFileReference; lastKnownFileType = sourcecode.c.objc; path = ViewController.m; sourceTree = "<group>"; };
		086DF8321A826632007BF2F0 /* Base */ = {isa = PBXFileReference; lastKnownFileType = file.storyboard; name = Base; path = Base.lproj/Main.storyboard; sourceTree = "<group>"; };
		086DF8341A826632007BF2F0 /* Images.xcassets */ = {isa = PBXFileReference; lastKnownFileType = folder.assetcatalog; path = Images.xcassets; sourceTree = "<group>"; };
		086DF8371A826632007BF2F0 /* Base */ = {isa = PBXFileReference; lastKnownFileType = file.xib; name = Base; path = Base.lproj/LaunchScreen.xib; sourceTree = "<group>"; };
		086DF83D1A826632007BF2F0 /* WMFirstAppTests.xctest */ = {isa = PBXFileReference; explicitFileType = wrapper.cfbundle; includeInIndex = 0; path = WMFirstAppTests.xctest; sourceTree = BUILT_PRODUCTS_DIR; };
		086DF8421A826632007BF2F0 /* Info.plist */ = {isa = PBXFileReference; lastKnownFileType = text.plist.xml; path = Info.plist; sourceTree = "<group>"; };
		086DF8431A826632007BF2F0 /* WMFirstAppTests.m */ = {isa = PBXFileReference; lastKnownFileType = sourcecode.c.objc; path = WMFirstAppTests.m; sourceTree = "<group>"; };
		086DF8501A82669E007BF2F0 /* Base */ = {isa = PBXFileReference; lastKnownFileType = text.plist.strings; name = Base; path = Base.lproj/Localizable.strings; sourceTree = "<group>"; };
		086DF8521A8266BD007BF2F0 /* zh-Hans */ = {isa = PBXFileReference; lastKnownFileType = text.plist.strings; name = "zh-Hans"; path = "zh-Hans.lproj/Localizable.strings"; sourceTree = "<group>"; };
/* End PBXFileReference section */

/* Begin PBXFrameworksBuildPhase section */
		086DF81E1A826632007BF2F0 /* Frameworks */ = {
			isa = PBXFrameworksBuildPhase;
			buildActionMask = 2147483647;
			files = (
			);
			runOnlyForDeploymentPostprocessing = 0;
		};
		086DF83A1A826632007BF2F0 /* Frameworks */ = {
			isa = PBXFrameworksBuildPhase;
			buildActionMask = 2147483647;
			files = (
			);
			runOnlyForDeploymentPostprocessing = 0;
		};
/* End PBXFrameworksBuildPhase section */

/* Begin PBXGroup section */
		082C314C1A91B75900308207 /* CardGame */ = {
			isa = PBXGroup;
			children = (
				082C31671A9499FA00308207 /* TurnCardGame */,
				082C31661A9499E800308207 /* LuckCardGame */,
				082C315C1A93525100308207 /* Card */,
			);
			name = CardGame;
			sourceTree = "<group>";
		};
		082C315C1A93525100308207 /* Card */ = {
			isa = PBXGroup;
			children = (
				082C315D1A93528800308207 /* CardView.h */,
				082C315E1A93528800308207 /* CardView.m */,
				082C31601A9352D200308207 /* CardObject.h */,
				082C31611A9352D200308207 /* CardObject.m */,
				082C31631A93630200308207 /* Card.h */,
				082C31641A93630200308207 /* Card.m */,
			);
			name = Card;
			sourceTree = "<group>";
		};
		082C31661A9499E800308207 /* LuckCardGame */ = {
			isa = PBXGroup;
			children = (
				082C31681A949A2E00308207 /* LuckCardGameViewController.h */,
				082C31691A949A2E00308207 /* LuckCardGameViewController.m */,
			);
			name = LuckCardGame;
			sourceTree = "<group>";
		};
		082C31671A9499FA00308207 /* TurnCardGame */ = {
			isa = PBXGroup;
			children = (
				082C31591A93523E00308207 /* CardGameViewController.h */,
				082C315A1A93523E00308207 /* CardGameViewController.m */,
			);
			name = TurnCardGame;
			sourceTree = "<group>";
		};
		082C316B1A986B2100308207 /* LeftSlideMenu */ = {
			isa = PBXGroup;
			children = (
				082C31751A9CE86500308207 /* Content */,
				082C316C1A986B3600308207 /* LeftSlideMenuViewController.h */,
				082C316D1A986B3600308207 /* LeftSlideMenuViewController.m */,
				082C316F1A9CDEA500308207 /* MenuViewController.h */,
				082C31701A9CDEA500308207 /* MenuViewController.m */,
			);
			name = LeftSlideMenu;
			sourceTree = "<group>";
		};
		082C31751A9CE86500308207 /* Content */ = {
			isa = PBXGroup;
			children = (
				082C31721A9CE84300308207 /* Content01ViewController.h */,
				082C31731A9CE84300308207 /* Content01ViewController.m */,
				082C31761A9CE88C00308207 /* Content02ViewController.h */,
				082C31771A9CE88C00308207 /* Content02ViewController.m */,
			);
			name = Content;
			sourceTree = "<group>";
		};
		086DF8181A826632007BF2F0 = {
			isa = PBXGroup;
			children = (
				086DF8231A826632007BF2F0 /* WMFirstApp */,
				086DF8401A826632007BF2F0 /* WMFirstAppTests */,
				086DF8221A826632007BF2F0 /* Products */,
			);
			sourceTree = "<group>";
		};
		086DF8221A826632007BF2F0 /* Products */ = {
			isa = PBXGroup;
			children = (
				086DF8211A826632007BF2F0 /* WMFirstApp.app */,
				086DF83D1A826632007BF2F0 /* WMFirstAppTests.xctest */,
			);
			name = Products;
			sourceTree = "<group>";
		};
		086DF8231A826632007BF2F0 /* WMFirstApp */ = {
			isa = PBXGroup;
			children = (
				082C316B1A986B2100308207 /* LeftSlideMenu */,
				082C314C1A91B75900308207 /* CardGame */,
				086DF8281A826632007BF2F0 /* AppDelegate.h */,
				086DF8291A826632007BF2F0 /* AppDelegate.m */,
				086DF82E1A826632007BF2F0 /* ViewController.h */,
				086DF82F1A826632007BF2F0 /* ViewController.m */,
				086DF8311A826632007BF2F0 /* Main.storyboard */,
				086DF8341A826632007BF2F0 /* Images.xcassets */,
				086DF8361A826632007BF2F0 /* LaunchScreen.xib */,
				086DF82B1A826632007BF2F0 /* WMFirstApp.xcdatamodeld */,
				086DF8241A826632007BF2F0 /* Supporting Files */,
			);
			path = WMFirstApp;
			sourceTree = "<group>";
		};
		086DF8241A826632007BF2F0 /* Supporting Files */ = {
			isa = PBXGroup;
			children = (
				086DF8251A826632007BF2F0 /* Info.plist */,
				086DF8261A826632007BF2F0 /* main.m */,
				086DF8511A82669E007BF2F0 /* Localizable.strings */,
			);
			name = "Supporting Files";
			sourceTree = "<group>";
		};
		086DF8401A826632007BF2F0 /* WMFirstAppTests */ = {
			isa = PBXGroup;
			children = (
				086DF8431A826632007BF2F0 /* WMFirstAppTests.m */,
				086DF8411A826632007BF2F0 /* Supporting Files */,
			);
			path = WMFirstAppTests;
			sourceTree = "<group>";
		};
		086DF8411A826632007BF2F0 /* Supporting Files */ = {
			isa = PBXGroup;
			children = (
				086DF8421A826632007BF2F0 /* Info.plist */,
			);
			name = "Supporting Files";
			sourceTree = "<group>";
		};
/* End PBXGroup section */

/* Begin PBXNativeTarget section */
		086DF8201A826632007BF2F0 /* WMFirstApp */ = {
			isa = PBXNativeTarget;
			buildConfigurationList = 086DF8471A826632007BF2F0 /* Build configuration list for PBXNativeTarget "WMFirstApp" */;
			buildPhases = (
				086DF81D1A826632007BF2F0 /* Sources */,
				086DF81E1A826632007BF2F0 /* Frameworks */,
				086DF81F1A826632007BF2F0 /* Resources */,
			);
			buildRules = (
			);
			dependencies = (
			);
			name = WMFirstApp;
			productName = WMFirstApp;
			productReference = 086DF8211A826632007BF2F0 /* WMFirstApp.app */;
			productType = "com.apple.product-type.application";
		};
		086DF83C1A826632007BF2F0 /* WMFirstAppTests */ = {
			isa = PBXNativeTarget;
			buildConfigurationList = 086DF84A1A826632007BF2F0 /* Build configuration list for PBXNativeTarget "WMFirstAppTests" */;
			buildPhases = (
				086DF8391A826632007BF2F0 /* Sources */,
				086DF83A1A826632007BF2F0 /* Frameworks */,
				086DF83B1A826632007BF2F0 /* Resources */,
			);
			buildRules = (
			);
			dependencies = (
				086DF83F1A826632007BF2F0 /* PBXTargetDependency */,
			);
			name = WMFirstAppTests;
			productName = WMFirstAppTests;
			productReference = 086DF83D1A826632007BF2F0 /* WMFirstAppTests.xctest */;
			productType = "com.apple.product-type.bundle.unit-test";
		};
/* End PBXNativeTarget section */

/* Begin PBXProject section */
		086DF8191A826632007BF2F0 /* Project object */ = {
			isa = PBXProject;
			attributes = {
				LastUpgradeCheck = 0610;
				ORGANIZATIONNAME = wangwendong;
				TargetAttributes = {
					086DF8201A826632007BF2F0 = {
						CreatedOnToolsVersion = 6.1.1;
					};
					086DF83C1A826632007BF2F0 = {
						CreatedOnToolsVersion = 6.1.1;
						TestTargetID = 086DF8201A826632007BF2F0;
					};
				};
			};
			buildConfigurationList = 086DF81C1A826632007BF2F0 /* Build configuration list for PBXProject "WMFirstApp" */;
			compatibilityVersion = "Xcode 3.2";
			developmentRegion = English;
			hasScannedForEncodings = 0;
			knownRegions = (
				en,
				Base,
				"zh-Hans",
			);
			mainGroup = 086DF8181A826632007BF2F0;
			productRefGroup = 086DF8221A826632007BF2F0 /* Products */;
			projectDirPath = "";
			projectRoot = "";
			targets = (
				086DF8201A826632007BF2F0 /* WMFirstApp */,
				086DF83C1A826632007BF2F0 /* WMFirstAppTests */,
			);
		};
/* End PBXProject section */

/* Begin PBXResourcesBuildPhase section */
		086DF81F1A826632007BF2F0 /* Resources */ = {
			isa = PBXResourcesBuildPhase;
			buildActionMask = 2147483647;
			files = (
				086DF8331A826632007BF2F0 /* Main.storyboard in Resources */,
				086DF84F1A82669E007BF2F0 /* Localizable.strings in Resources */,
				086DF8381A826632007BF2F0 /* LaunchScreen.xib in Resources */,
				086DF8351A826632007BF2F0 /* Images.xcassets in Resources */,
			);
			runOnlyForDeploymentPostprocessing = 0;
		};
		086DF83B1A826632007BF2F0 /* Resources */ = {
			isa = PBXResourcesBuildPhase;
			buildActionMask = 2147483647;
			files = (
			);
			runOnlyForDeploymentPostprocessing = 0;
		};
/* End PBXResourcesBuildPhase section */

/* Begin PBXSourcesBuildPhase section */
		086DF81D1A826632007BF2F0 /* Sources */ = {
			isa = PBXSourcesBuildPhase;
			buildActionMask = 2147483647;
			files = (
				082C315F1A93528800308207 /* CardView.m in Sources */,
				082C31781A9CE88C00308207 /* Content02ViewController.m in Sources */,
				082C31621A9352D200308207 /* CardObject.m in Sources */,
				086DF82A1A826632007BF2F0 /* AppDelegate.m in Sources */,
				082C31651A93630200308207 /* Card.m in Sources */,
				086DF8271A826632007BF2F0 /* main.m in Sources */,
				082C315B1A93523E00308207 /* CardGameViewController.m in Sources */,
				086DF8301A826632007BF2F0 /* ViewController.m in Sources */,
				082C31741A9CE84300308207 /* Content01ViewController.m in Sources */,
				086DF82D1A826632007BF2F0 /* WMFirstApp.xcdatamodeld in Sources */,
				082C316E1A986B3600308207 /* LeftSlideMenuViewController.m in Sources */,
				082C31711A9CDEA500308207 /* MenuViewController.m in Sources */,
				082C316A1A949A2E00308207 /* LuckCardGameViewController.m in Sources */,
			);
			runOnlyForDeploymentPostprocessing = 0;
		};
		086DF8391A826632007BF2F0 /* Sources */ = {
			isa = PBXSourcesBuildPhase;
			buildActionMask = 2147483647;
			files = (
				086DF8441A826632007BF2F0 /* WMFirstAppTests.m in Sources */,
			);
			runOnlyForDeploymentPostprocessing = 0;
		};
/* End PBXSourcesBuildPhase section */

/* Begin PBXTargetDependency section */
		086DF83F1A826632007BF2F0 /* PBXTargetDependency */ = {
			isa = PBXTargetDependency;
			target = 086DF8201A826632007BF2F0 /* WMFirstApp */;
			targetProxy = 086DF83E1A826632007BF2F0 /* PBXContainerItemProxy */;
		};
/* End PBXTargetDependency section */

/* Begin PBXVariantGroup section */
		086DF8311A826632007BF2F0 /* Main.storyboard */ = {
			isa = PBXVariantGroup;
			children = (
				086DF8321A826632007BF2F0 /* Base */,
			);
			name = Main.storyboard;
			sourceTree = "<group>";
		};
		086DF8361A826632007BF2F0 /* LaunchScreen.xib */ = {
			isa = PBXVariantGroup;
			children = (
				086DF8371A826632007BF2F0 /* Base */,
			);
			name = LaunchScreen.xib;
			sourceTree = "<group>";
		};
		086DF8511A82669E007BF2F0 /* Localizable.strings */ = {
			isa = PBXVariantGroup;
			children = (
				086DF8501A82669E007BF2F0 /* Base */,
				086DF8521A8266BD007BF2F0 /* zh-Hans */,
			);
			name = Localizable.strings;
			sourceTree = "<group>";
		};
/* End PBXVariantGroup section */

/* Begin XCBuildConfiguration section */
		086DF8451A826632007BF2F0 /* Debug */ = {
			isa = XCBuildConfiguration;
			buildSettings = {
				ALWAYS_SEARCH_USER_PATHS = NO;
				CLANG_CXX_LANGUAGE_STANDARD = "gnu++0x";
				CLANG_CXX_LIBRARY = "libc++";
				CLANG_ENABLE_MODULES = YES;
				CLANG_ENABLE_OBJC_ARC = YES;
				CLANG_WARN_BOOL_CONVERSION = YES;
				CLANG_WARN_CONSTANT_CONVERSION = YES;
				CLANG_WARN_DIRECT_OBJC_ISA_USAGE = YES_ERROR;
				CLANG_WARN_EMPTY_BODY = YES;
				CLANG_WARN_ENUM_CONVERSION = YES;
				CLANG_WARN_INT_CONVERSION = YES;
				CLANG_WARN_OBJC_ROOT_CLASS = YES_ERROR;
				CLANG_WARN_UNREACHABLE_CODE = YES;
				CLANG_WARN__DUPLICATE_METHOD_MATCH = YES;
				"CODE_SIGN_IDENTITY[sdk=iphoneos*]" = "iPhone Developer";
				COPY_PHASE_STRIP = NO;
				ENABLE_STRICT_OBJC_MSGSEND = YES;
				GCC_C_LANGUAGE_STANDARD = gnu99;
				GCC_DYNAMIC_NO_PIC = NO;
				GCC_OPTIMIZATION_LEVEL = 0;
				GCC_PREPROCESSOR_DEFINITIONS = (
					"DEBUG=1",
					"$(inherited)",
				);
				GCC_SYMBOLS_PRIVATE_EXTERN = NO;
				GCC_WARN_64_TO_32_BIT_CONVERSION = YES;
				GCC_WARN_ABOUT_RETURN_TYPE = YES_ERROR;
				GCC_WARN_UNDECLARED_SELECTOR = YES;
				GCC_WARN_UNINITIALIZED_AUTOS = YES_AGGRESSIVE;
				GCC_WARN_UNUSED_FUNCTION = YES;
				GCC_WARN_UNUSED_VARIABLE = YES;
				IPHONEOS_DEPLOYMENT_TARGET = 8.1;
				MTL_ENABLE_DEBUG_INFO = YES;
				ONLY_ACTIVE_ARCH = YES;
				SDKROOT = iphoneos;
				TARGETED_DEVICE_FAMILY = "1,2";
			};
			name = Debug;
		};
		086DF8461A826632007BF2F0 /* Release */ = {
			isa = XCBuildConfiguration;
			buildSettings = {
				ALWAYS_SEARCH_USER_PATHS = NO;
				CLANG_CXX_LANGUAGE_STANDARD = "gnu++0x";
				CLANG_CXX_LIBRARY = "libc++";
				CLANG_ENABLE_MODULES = YES;
				CLANG_ENABLE_OBJC_ARC = YES;
				CLANG_WARN_BOOL_CONVERSION = YES;
				CLANG_WARN_CONSTANT_CONVERSION = YES;
				CLANG_WARN_DIRECT_OBJC_ISA_USAGE = YES_ERROR;
				CLANG_WARN_EMPTY_BODY = YES;
				CLANG_WARN_ENUM_CONVERSION = YES;
				CLANG_WARN_INT_CONVERSION = YES;
				CLANG_WARN_OBJC_ROOT_CLASS = YES_ERROR;
				CLANG_WARN_UNREACHABLE_CODE = YES;
				CLANG_WARN__DUPLICATE_METHOD_MATCH = YES;
				"CODE_SIGN_IDENTITY[sdk=iphoneos*]" = "iPhone Developer";
				COPY_PHASE_STRIP = YES;
				ENABLE_NS_ASSERTIONS = NO;
				ENABLE_STRICT_OBJC_MSGSEND = YES;
				GCC_C_LANGUAGE_STANDARD = gnu99;
				GCC_WARN_64_TO_32_BIT_CONVERSION = YES;
				GCC_WARN_ABOUT_RETURN_TYPE = YES_ERROR;
				GCC_WARN_UNDECLARED_SELECTOR = YES;
				GCC_WARN_UNINITIALIZED_AUTOS = YES_AGGRESSIVE;
				GCC_WARN_UNUSED_FUNCTION = YES;
				GCC_WARN_UNUSED_VARIABLE = YES;
				IPHONEOS_DEPLOYMENT_TARGET = 8.1;
				MTL_ENABLE_DEBUG_INFO = NO;
				SDKROOT = iphoneos;
				TARGETED_DEVICE_FAMILY = "1,2";
				VALIDATE_PRODUCT = YES;
			};
			name = Release;
		};
		086DF8481A826632007BF2F0 /* Debug */ = {
			isa = XCBuildConfiguration;
			buildSettings = {
				ASSETCATALOG_COMPILER_APPICON_NAME = AppIcon;
				INFOPLIST_FILE = WMFirstApp/Info.plist;
				LD_RUNPATH_SEARCH_PATHS = "$(inherited) @executable_path/Frameworks";
				PRODUCT_NAME = "$(TARGET_NAME)";
			};
			name = Debug;
		};
		086DF8491A826632007BF2F0 /* Release */ = {
			isa = XCBuildConfiguration;
			buildSettings = {
				ASSETCATALOG_COMPILER_APPICON_NAME = AppIcon;
				INFOPLIST_FILE = WMFirstApp/Info.plist;
				LD_RUNPATH_SEARCH_PATHS = "$(inherited) @executable_path/Frameworks";
				PRODUCT_NAME = "$(TARGET_NAME)";
			};
			name = Release;
		};
		086DF84B1A826632007BF2F0 /* Debug */ = {
			isa = XCBuildConfiguration;
			buildSettings = {
				BUNDLE_LOADER = "$(TEST_HOST)";
				FRAMEWORK_SEARCH_PATHS = (
					"$(SDKROOT)/Developer/Library/Frameworks",
					"$(inherited)",
				);
				GCC_PREPROCESSOR_DEFINITIONS = (
					"DEBUG=1",
					"$(inherited)",
				);
				INFOPLIST_FILE = WMFirstAppTests/Info.plist;
				LD_RUNPATH_SEARCH_PATHS = "$(inherited) @executable_path/Frameworks @loader_path/Frameworks";
				PRODUCT_NAME = "$(TARGET_NAME)";
				TEST_HOST = "$(BUILT_PRODUCTS_DIR)/WMFirstApp.app/WMFirstApp";
			};
			name = Debug;
		};
		086DF84C1A826632007BF2F0 /* Release */ = {
			isa = XCBuildConfiguration;
			buildSettings = {
				BUNDLE_LOADER = "$(TEST_HOST)";
				FRAMEWORK_SEARCH_PATHS = (
					"$(SDKROOT)/Developer/Library/Frameworks",
					"$(inherited)",
				);
				INFOPLIST_FILE = WMFirstAppTests/Info.plist;
				LD_RUNPATH_SEARCH_PATHS = "$(inherited) @executable_path/Frameworks @loader_path/Frameworks";
				PRODUCT_NAME = "$(TARGET_NAME)";
				TEST_HOST = "$(BUILT_PRODUCTS_DIR)/WMFirstApp.app/WMFirstApp";
			};
			name = Release;
		};
/* End XCBuildConfiguration section */

/* Begin XCConfigurationList section */
		086DF81C1A826632007BF2F0 /* Build configuration list for PBXProject "WMFirstApp" */ = {
			isa = XCConfigurationList;
			buildConfigurations = (
				086DF8451A826632007BF2F0 /* Debug */,
				086DF8461A826632007BF2F0 /* Release */,
			);
			defaultConfigurationIsVisible = 0;
			defaultConfigurationName = Release;
		};
		086DF8471A826632007BF2F0 /* Build configuration list for PBXNativeTarget "WMFirstApp" */ = {
			isa = XCConfigurationList;
			buildConfigurations = (
				086DF8481A826632007BF2F0 /* Debug */,
				086DF8491A826632007BF2F0 /* Release */,
			);
			defaultConfigurationIsVisible = 0;
			defaultConfigurationName = Release;
		};
		086DF84A1A826632007BF2F0 /* Build configuration list for PBXNativeTarget "WMFirstAppTests" */ = {
			isa = XCConfigurationList;
			buildConfigurations = (
				086DF84B1A826632007BF2F0 /* Debug */,
				086DF84C1A826632007BF2F0 /* Release */,
			);
			defaultConfigurationIsVisible = 0;
			defaultConfigurationName = Release;
		};
/* End XCConfigurationList section */

/* Begin XCVersionGroup section */
		086DF82B1A826632007BF2F0 /* WMFirstApp.xcdatamodeld */ = {
			isa = XCVersionGroup;
			children = (
				086DF82C1A826632007BF2F0 /* WMFirstApp.xcdatamodel */,
			);
			currentVersion = 086DF82C1A826632007BF2F0 /* WMFirstApp.xcdatamodel */;
			path = WMFirstApp.xcdatamodeld;
			sourceTree = "<group>";
			versionGroupType = wrapper.xcdatamodel;
		};
/* End XCVersionGroup section */
	};
	rootObject = 086DF8191A826632007BF2F0 /* Project object */;
}
